
Microsoft Visual Studio Solution File, Format Version 12.00
# Visual Studio Version 16
VisualStudioVersion = 16.0.31105.61
MinimumVisualStudioVersion = 10.0.40219.1
Project("{FAE04EC0-301F-11D3-BF4B-00C04F79EFBC}") = "numberGame", "numberGame\numberGame.csproj", "{6F663636-95C8-4B34-9F78-3E8B4B2BA5CC}"
EndProject
Global
	GlobalSection(SolutionConfigurationPlatforms) = preSolution
		Debug|Any CPU = Debug|Any CPU
		Release|Any CPU = Release|Any CPU
	EndGlobalSection
	GlobalSection(ProjectConfigurationPlatforms) = postSolution
		{6F663636-95C8-4B34-9F78-3E8B4B2BA5CC}.Debug|Any CPU.ActiveCfg = Debug|Any CPU
		{6F663636-95C8-4B34-9F78-3E8B4B2BA5CC}.Debug|Any CPU.Build.0 = Debug|Any CPU
		{6F663636-95C8-4B34-9F78-3E8B4B2BA5CC}.Release|Any CPU.ActiveCfg = Release|Any CPU
		{6F663636-95C8-4B34-9F78-3E8B4B2BA5CC}.Release|Any CPU.Build.0 = Release|Any CPU
	EndGlobalSection
	GlobalSection(SolutionProperties) = preSolution
		HideSolutionNode = FALSE
	EndGlobalSection
	GlobalSection(ExtensibilityGlobals) = postSolution
		SolutionGuid = {E448D53C-9095-4C7B-A9DE-877DD947D33F}
	EndGlobalSection
EndGlobal
